
Microsoft Visual Studio Solution File, Format Version 12.00
# Visual Studio Version 16
VisualStudioVersion = 16.0.30717.126
MinimumVisualStudioVersion = 10.0.40219.1
Project("{FAE04EC0-301F-11D3-BF4B-00C04F79EFBC}") = "Epharma.Client.Library", "Epharma.Client.Library\Epharma.Client.Library.csproj", "{924BABAC-0FE8-457A-B449-C173E6B12ACF}"
EndProject
Project("{FAE04EC0-301F-11D3-BF4B-00C04F79EFBC}") = "Epharma.Client.Test", "Epharma.Client.Test\Epharma.Client.Test.csproj", "{AD708A05-117E-4427-B1A5-9914C33F528A}"
EndProject
Global
	GlobalSection(SolutionConfigurationPlatforms) = preSolution
		Debug|Any CPU = Debug|Any CPU
		Release|Any CPU = Release|Any CPU
	EndGlobalSection
	GlobalSection(ProjectConfigurationPlatforms) = postSolution
		{924BABAC-0FE8-457A-B449-C173E6B12ACF}.Debug|Any CPU.ActiveCfg = Debug|Any CPU
		{924BABAC-0FE8-457A-B449-C173E6B12ACF}.Debug|Any CPU.Build.0 = Debug|Any CPU
		{924BABAC-0FE8-457A-B449-C173E6B12ACF}.Release|Any CPU.ActiveCfg = Release|Any CPU
		{924BABAC-0FE8-457A-B449-C173E6B12ACF}.Release|Any CPU.Build.0 = Release|Any CPU
		{AD708A05-117E-4427-B1A5-9914C33F528A}.Debug|Any CPU.ActiveCfg = Debug|Any CPU
		{AD708A05-117E-4427-B1A5-9914C33F528A}.Debug|Any CPU.Build.0 = Debug|Any CPU
		{AD708A05-117E-4427-B1A5-9914C33F528A}.Release|Any CPU.ActiveCfg = Release|Any CPU
		{AD708A05-117E-4427-B1A5-9914C33F528A}.Release|Any CPU.Build.0 = Release|Any CPU
	EndGlobalSection
	GlobalSection(SolutionProperties) = preSolution
		HideSolutionNode = FALSE
	EndGlobalSection
	GlobalSection(ExtensibilityGlobals) = postSolution
		SolutionGuid = {4A21AD0B-851A-4DD3-A507-127479F66D10}
	EndGlobalSection
EndGlobal
